
Microsoft Visual Studio Solution File, Format Version 12.00
# Visual Studio Version 16
VisualStudioVersion = 16.0.29025.244
MinimumVisualStudioVersion = 10.0.40219.1
Project("{9A19103F-16F7-4668-BE54-9A1E7A4F7556}") = "Test", "Test\Test.csproj", "{B0182D13-AB65-4611-8E45-E6C8A3089EB8}"
EndProject
Project("{9A19103F-16F7-4668-BE54-9A1E7A4F7556}") = "TestProjectTests", "TestProjectTests\TestProjectTests.csproj", "{1BF0171D-8118-4CF4-97A8-AD8A1B0CBB6F}"
EndProject
Global
	GlobalSection(SolutionConfigurationPlatforms) = preSolution
		Debug|Any CPU = Debug|Any CPU
		Release|Any CPU = Release|Any CPU
	EndGlobalSection
	GlobalSection(ProjectConfigurationPlatforms) = postSolution
		{B0182D13-AB65-4611-8E45-E6C8A3089EB8}.Debug|Any CPU.ActiveCfg = Debug|Any CPU
		{B0182D13-AB65-4611-8E45-E6C8A3089EB8}.Debug|Any CPU.Build.0 = Debug|Any CPU
		{B0182D13-AB65-4611-8E45-E6C8A3089EB8}.Release|Any CPU.ActiveCfg = Release|Any CPU
		{B0182D13-AB65-4611-8E45-E6C8A3089EB8}.Release|Any CPU.Build.0 = Release|Any CPU
		{1BF0171D-8118-4CF4-97A8-AD8A1B0CBB6F}.Debug|Any CPU.ActiveCfg = Debug|Any CPU
		{1BF0171D-8118-4CF4-97A8-AD8A1B0CBB6F}.Debug|Any CPU.Build.0 = Debug|Any CPU
		{1BF0171D-8118-4CF4-97A8-AD8A1B0CBB6F}.Release|Any CPU.ActiveCfg = Release|Any CPU
		{1BF0171D-8118-4CF4-97A8-AD8A1B0CBB6F}.Release|Any CPU.Build.0 = Release|Any CPU
	EndGlobalSection
	GlobalSection(SolutionProperties) = preSolution
		HideSolutionNode = FALSE
	EndGlobalSection
	GlobalSection(ExtensibilityGlobals) = postSolution
		SolutionGuid = {822CB9B1-F844-434B-A2E5-F2B2E462D12D}
	EndGlobalSection
EndGlobal
